
Microsoft Visual Studio Solution File, Format Version 11.00
# Visual Studio 2010
Project("{FAE04EC0-301F-11D3-BF4B-00C04F79EFBC}") = "Vakuo", "Assembly-CSharp.csproj", "{18EC3447-F577-9BF7-881F-A70F75E94F2B}"
EndProject
Project("{FAE04EC0-301F-11D3-BF4B-00C04F79EFBC}") = "Vakuo", "Assembly-CSharp-firstpass.csproj", "{792E523E-937D-6A00-4A87-7AD00715E885}"
EndProject
Project("{FAE04EC0-301F-11D3-BF4B-00C04F79EFBC}") = "Vakuo", "Assembly-CSharp-Editor.csproj", "{1339ACEF-D58A-4611-51D4-2298ABD6FCD7}"
EndProject
Project("{FAE04EC0-301F-11D3-BF4B-00C04F79EFBC}") = "Vakuo", "Assembly-CSharp-Editor-firstpass.csproj", "{61401B37-CB7C-949E-22A1-96AEC5A3C806}"
EndProject
Global
	GlobalSection(SolutionConfigurationPlatforms) = preSolution
		Debug|Any CPU = Debug|Any CPU
		Release|Any CPU = Release|Any CPU
	EndGlobalSection
	GlobalSection(ProjectConfigurationPlatforms) = postSolution
		{18EC3447-F577-9BF7-881F-A70F75E94F2B}.Debug|Any CPU.ActiveCfg = Debug|Any CPU
		{18EC3447-F577-9BF7-881F-A70F75E94F2B}.Debug|Any CPU.Build.0 = Debug|Any CPU
		{18EC3447-F577-9BF7-881F-A70F75E94F2B}.Release|Any CPU.ActiveCfg = Release|Any CPU
		{18EC3447-F577-9BF7-881F-A70F75E94F2B}.Release|Any CPU.Build.0 = Release|Any CPU
		{792E523E-937D-6A00-4A87-7AD00715E885}.Debug|Any CPU.ActiveCfg = Debug|Any CPU
		{792E523E-937D-6A00-4A87-7AD00715E885}.Debug|Any CPU.Build.0 = Debug|Any CPU
		{792E523E-937D-6A00-4A87-7AD00715E885}.Release|Any CPU.ActiveCfg = Release|Any CPU
		{792E523E-937D-6A00-4A87-7AD00715E885}.Release|Any CPU.Build.0 = Release|Any CPU
		{1339ACEF-D58A-4611-51D4-2298ABD6FCD7}.Debug|Any CPU.ActiveCfg = Debug|Any CPU
		{1339ACEF-D58A-4611-51D4-2298ABD6FCD7}.Debug|Any CPU.Build.0 = Debug|Any CPU
		{1339ACEF-D58A-4611-51D4-2298ABD6FCD7}.Release|Any CPU.ActiveCfg = Release|Any CPU
		{1339ACEF-D58A-4611-51D4-2298ABD6FCD7}.Release|Any CPU.Build.0 = Release|Any CPU
		{61401B37-CB7C-949E-22A1-96AEC5A3C806}.Debug|Any CPU.ActiveCfg = Debug|Any CPU
		{61401B37-CB7C-949E-22A1-96AEC5A3C806}.Debug|Any CPU.Build.0 = Debug|Any CPU
		{61401B37-CB7C-949E-22A1-96AEC5A3C806}.Release|Any CPU.ActiveCfg = Release|Any CPU
		{61401B37-CB7C-949E-22A1-96AEC5A3C806}.Release|Any CPU.Build.0 = Release|Any CPU
	EndGlobalSection
	GlobalSection(SolutionProperties) = preSolution
		HideSolutionNode = FALSE
	EndGlobalSection
	GlobalSection(MonoDevelopProperties) = preSolution
		StartupItem = Assembly-CSharp.csproj
	EndGlobalSection
EndGlobal
